
Microsoft Visual Studio Solution File, Format Version 11.00
# Visual Studio 2010
Project("{FAE04EC0-301F-11D3-BF4B-00C04F79EFBC}") = "SuperTiled2Unity", "SuperTiled2Unity.csproj", "{9019dbf5-68f0-4d5f-0662-4bfdd170bb2c}"
EndProject
Project("{FAE04EC0-301F-11D3-BF4B-00C04F79EFBC}") = "Assembly-CSharp", "Assembly-CSharp.csproj", "{45098e8a-dcfa-b4ce-ab64-b6db58a96060}"
EndProject
Project("{FAE04EC0-301F-11D3-BF4B-00C04F79EFBC}") = "SuperTiled2UnityEditor", "SuperTiled2UnityEditor.csproj", "{f3e71a0d-d13d-3560-acf2-b2c748f15408}"
EndProject
Global
	GlobalSection(SolutionConfigurationPlatforms) = preSolution
		Debug|Any CPU = Debug|Any CPU
	EndGlobalSection
	GlobalSection(ProjectConfigurationPlatforms) = postSolution
		{9019dbf5-68f0-4d5f-0662-4bfdd170bb2c}.Debug|Any CPU.ActiveCfg = Debug|Any CPU
		{9019dbf5-68f0-4d5f-0662-4bfdd170bb2c}.Debug|Any CPU.Build.0 = Debug|Any CPU
		{45098e8a-dcfa-b4ce-ab64-b6db58a96060}.Debug|Any CPU.ActiveCfg = Debug|Any CPU
		{45098e8a-dcfa-b4ce-ab64-b6db58a96060}.Debug|Any CPU.Build.0 = Debug|Any CPU
		{f3e71a0d-d13d-3560-acf2-b2c748f15408}.Debug|Any CPU.ActiveCfg = Debug|Any CPU
		{f3e71a0d-d13d-3560-acf2-b2c748f15408}.Debug|Any CPU.Build.0 = Debug|Any CPU
	EndGlobalSection
	GlobalSection(SolutionProperties) = preSolution
		HideSolutionNode = FALSE
	EndGlobalSection
EndGlobal
